
Microsoft Visual Studio Solution File, Format Version 12.00
# Visual Studio 15
VisualStudioVersion = 15.0.26730.16
MinimumVisualStudioVersion = 10.0.40219.1
Project("{FAE04EC0-301F-11D3-BF4B-00C04F79EFBC}") = "LincolnBrandChampion.Web", "LincolnBrandChampion.Web\LincolnBrandChampion.Web.csproj", "{8C4666C4-F8FB-4DEE-9519-5AB844126E19}"
EndProject
Project("{FAE04EC0-301F-11D3-BF4B-00C04F79EFBC}") = "LincolnBrandChampion.DL", "LincolnBrandChampion.DL\LincolnBrandChampion.DL.csproj", "{BAC8C30C-4D97-4B69-BE0D-807A2070F598}"
EndProject
Project("{F184B08F-C81C-45F6-A57F-5ABD9991F28F}") = "CoreWSL", "CoreWSL\CoreWSL.vbproj", "{9B670917-EBD3-487B-AD9C-460E6C18BA0F}"
EndProject
Project("{FAE04EC0-301F-11D3-BF4B-00C04F79EFBC}") = "LincolnBrandChampion.BL", "LincolnBrandChampion.BL\LincolnBrandChampion.BL.csproj", "{5B234C29-F5D7-4BC0-9CEF-E6AC4CF5FAB2}"
EndProject
Project("{FAE04EC0-301F-11D3-BF4B-00C04F79EFBC}") = "PdfReportGenerator", "PdfReportGenerator\PdfReportGenerator.csproj", "{18B4BF02-F1AE-4474-98CB-C23FB8F9657A}"
EndProject
Project("{FAE04EC0-301F-11D3-BF4B-00C04F79EFBC}") = "LincolnBrandChampion.Model", "LincolnBrandChampion.Model\LincolnBrandChampion.Model.csproj", "{FD57D78E-337E-465C-97EB-4FF32886A17A}"
EndProject
Global
	GlobalSection(SolutionConfigurationPlatforms) = preSolution
		Debug|Any CPU = Debug|Any CPU
		Release|Any CPU = Release|Any CPU
	EndGlobalSection
	GlobalSection(ProjectConfigurationPlatforms) = postSolution
		{8C4666C4-F8FB-4DEE-9519-5AB844126E19}.Debug|Any CPU.ActiveCfg = Debug|Any CPU
		{8C4666C4-F8FB-4DEE-9519-5AB844126E19}.Debug|Any CPU.Build.0 = Debug|Any CPU
		{8C4666C4-F8FB-4DEE-9519-5AB844126E19}.Release|Any CPU.ActiveCfg = Release|Any CPU
		{8C4666C4-F8FB-4DEE-9519-5AB844126E19}.Release|Any CPU.Build.0 = Release|Any CPU
		{BAC8C30C-4D97-4B69-BE0D-807A2070F598}.Debug|Any CPU.ActiveCfg = Debug|Any CPU
		{BAC8C30C-4D97-4B69-BE0D-807A2070F598}.Debug|Any CPU.Build.0 = Debug|Any CPU
		{BAC8C30C-4D97-4B69-BE0D-807A2070F598}.Release|Any CPU.ActiveCfg = Release|Any CPU
		{BAC8C30C-4D97-4B69-BE0D-807A2070F598}.Release|Any CPU.Build.0 = Release|Any CPU
		{9B670917-EBD3-487B-AD9C-460E6C18BA0F}.Debug|Any CPU.ActiveCfg = Debug|Any CPU
		{9B670917-EBD3-487B-AD9C-460E6C18BA0F}.Debug|Any CPU.Build.0 = Debug|Any CPU
		{9B670917-EBD3-487B-AD9C-460E6C18BA0F}.Release|Any CPU.ActiveCfg = Release|Any CPU
		{9B670917-EBD3-487B-AD9C-460E6C18BA0F}.Release|Any CPU.Build.0 = Release|Any CPU
		{5B234C29-F5D7-4BC0-9CEF-E6AC4CF5FAB2}.Debug|Any CPU.ActiveCfg = Debug|Any CPU
		{5B234C29-F5D7-4BC0-9CEF-E6AC4CF5FAB2}.Debug|Any CPU.Build.0 = Debug|Any CPU
		{5B234C29-F5D7-4BC0-9CEF-E6AC4CF5FAB2}.Release|Any CPU.ActiveCfg = Release|Any CPU
		{5B234C29-F5D7-4BC0-9CEF-E6AC4CF5FAB2}.Release|Any CPU.Build.0 = Release|Any CPU
		{18B4BF02-F1AE-4474-98CB-C23FB8F9657A}.Debug|Any CPU.ActiveCfg = Debug|Any CPU
		{18B4BF02-F1AE-4474-98CB-C23FB8F9657A}.Debug|Any CPU.Build.0 = Debug|Any CPU
		{18B4BF02-F1AE-4474-98CB-C23FB8F9657A}.Release|Any CPU.ActiveCfg = Release|Any CPU
		{18B4BF02-F1AE-4474-98CB-C23FB8F9657A}.Release|Any CPU.Build.0 = Release|Any CPU
		{FD57D78E-337E-465C-97EB-4FF32886A17A}.Debug|Any CPU.ActiveCfg = Debug|Any CPU
		{FD57D78E-337E-465C-97EB-4FF32886A17A}.Debug|Any CPU.Build.0 = Debug|Any CPU
		{FD57D78E-337E-465C-97EB-4FF32886A17A}.Release|Any CPU.ActiveCfg = Release|Any CPU
		{FD57D78E-337E-465C-97EB-4FF32886A17A}.Release|Any CPU.Build.0 = Release|Any CPU
	EndGlobalSection
	GlobalSection(SolutionProperties) = preSolution
		HideSolutionNode = FALSE
	EndGlobalSection
	GlobalSection(ExtensibilityGlobals) = postSolution
		SolutionGuid = {B5B5DBF6-2A7C-4828-BCD5-F6FE86567291}
	EndGlobalSection
EndGlobal
